
Microsoft Visual Studio Solution File, Format Version 12.00
# Visual Studio Version 17
VisualStudioVersion = 17.3.32901.215
MinimumVisualStudioVersion = 10.0.40219.1
Project("{9A19103F-16F7-4668-BE54-9A1E7A4F7556}") = "TgBotBoileplate.Service", "TgBotBoileplate.Service\TgBotBoileplate.Service.csproj", "{A9522D8B-3EED-471E-BAC9-D5FDA9BDFF3A}"
EndProject
Project("{FAE04EC0-301F-11D3-BF4B-00C04F79EFBC}") = "TgBotBoileplate.DAL", "TgBotBoileplate.DAL\TgBotBoileplate.DAL.csproj", "{6EFE9571-D299-4670-9E77-F9B877366318}"
EndProject
Global
	GlobalSection(SolutionConfigurationPlatforms) = preSolution
		Debug|Any CPU = Debug|Any CPU
		Release|Any CPU = Release|Any CPU
	EndGlobalSection
	GlobalSection(ProjectConfigurationPlatforms) = postSolution
		{A9522D8B-3EED-471E-BAC9-D5FDA9BDFF3A}.Debug|Any CPU.ActiveCfg = Debug|Any CPU
		{A9522D8B-3EED-471E-BAC9-D5FDA9BDFF3A}.Debug|Any CPU.Build.0 = Debug|Any CPU
		{A9522D8B-3EED-471E-BAC9-D5FDA9BDFF3A}.Release|Any CPU.ActiveCfg = Release|Any CPU
		{A9522D8B-3EED-471E-BAC9-D5FDA9BDFF3A}.Release|Any CPU.Build.0 = Release|Any CPU
		{6EFE9571-D299-4670-9E77-F9B877366318}.Debug|Any CPU.ActiveCfg = Debug|Any CPU
		{6EFE9571-D299-4670-9E77-F9B877366318}.Debug|Any CPU.Build.0 = Debug|Any CPU
		{6EFE9571-D299-4670-9E77-F9B877366318}.Release|Any CPU.ActiveCfg = Release|Any CPU
		{6EFE9571-D299-4670-9E77-F9B877366318}.Release|Any CPU.Build.0 = Release|Any CPU
	EndGlobalSection
	GlobalSection(SolutionProperties) = preSolution
		HideSolutionNode = FALSE
	EndGlobalSection
	GlobalSection(ExtensibilityGlobals) = postSolution
		SolutionGuid = {92388060-8AAC-44F2-8644-AB5A4A421F64}
	EndGlobalSection
EndGlobal
